
Microsoft Visual Studio Solution File, Format Version 12.00
Project("{FAE04EC0-301F-11D3-BF4B-00C04F79EFBC}") = "lab06", "lab06\lab06.csproj", "{3A94DF5C-49B4-45E8-9B88-F4197222E23A}"
EndProject
Global
	GlobalSection(SolutionConfigurationPlatforms) = preSolution
		Debug|Any CPU = Debug|Any CPU
		Release|Any CPU = Release|Any CPU
	EndGlobalSection
	GlobalSection(ProjectConfigurationPlatforms) = postSolution
		{3A94DF5C-49B4-45E8-9B88-F4197222E23A}.Debug|Any CPU.ActiveCfg = Debug|Any CPU
		{3A94DF5C-49B4-45E8-9B88-F4197222E23A}.Debug|Any CPU.Build.0 = Debug|Any CPU
		{3A94DF5C-49B4-45E8-9B88-F4197222E23A}.Release|Any CPU.ActiveCfg = Release|Any CPU
		{3A94DF5C-49B4-45E8-9B88-F4197222E23A}.Release|Any CPU.Build.0 = Release|Any CPU
	EndGlobalSection
EndGlobal
